lockfileVersion: '6.0'

dependencies:
  '@parcel/plugin':
    specifier: ^2.8.3
    version: 2.8.3(@parcel/core@2.8.3)

devDependencies:
  '@parcel/types':
    specifier: ^2.8.3
    version: 2.8.3(@parcel/core@2.8.3)
  '@types/node':
    specifier: ^18.11.18
    version: 18.11.18
  rimraf:
    specifier: ^4.1.2
    version: 4.1.2
  typescript:
    specifier: ^4.9.5
    version: 4.9.5

packages:

  /@lezer/common@0.15.12:
    resolution: {integrity: sha512-edfwCxNLnzq5pBA/yaIhwJ3U3Kz8VAUOTRg0hhxaizaI1N+qxV7EXDv/kLCkLeq2RzSFvxexlaj5Mzfn2kY0Ig==}

  /@lezer/lr@0.15.8:
    resolution: {integrity: sha512-bM6oE6VQZ6hIFxDNKk8bKPa14hqFrV07J/vHGOeiAbJReIaQXmkVb6xQu4MR+JBTLa5arGRyAAjJe1qaQt3Uvg==}
    dependencies:
      '@lezer/common': 0.15.12

  /@lmdb/lmdb-darwin-arm64@2.5.2:
    resolution: {integrity: sha512-+F8ioQIUN68B4UFiIBYu0QQvgb9FmlKw2ctQMSBfW2QBrZIxz9vD9jCGqTCPqZBRbPHAS/vG1zSXnKqnS2ch/A==}
    cpu: [arm64]
    os: [darwin]
    requiresBuild: true
    optional: true

  /@lmdb/lmdb-darwin-x64@2.5.2:
    resolution: {integrity: sha512-KvPH56KRLLx4KSfKBx0m1r7GGGUMXm0jrKmNE7plbHlesZMuPJICtn07HYgQhj1LNsK7Yqwuvnqh1QxhJnF1EA==}
    cpu: [x64]
    os: [darwin]
    requiresBuild: true
    optional: true

  /@lmdb/lmdb-linux-arm64@2.5.2:
    resolution: {integrity: sha512-aLl89VHL/wjhievEOlPocoefUyWdvzVrcQ/MHQYZm2JfV1jUsrbr/ZfkPPUFvZBf+VSE+Q0clWs9l29PCX1hTQ==}
    cpu: [arm64]
    os: [linux]
    requiresBuild: true
    optional: true

  /@lmdb/lmdb-linux-arm@2.5.2:
    resolution: {integrity: sha512-5kQAP21hAkfW5Bl+e0P57dV4dGYnkNIpR7f/GAh6QHlgXx+vp/teVj4PGRZaKAvt0GX6++N6hF8NnGElLDuIDw==}
    cpu: [arm]
    os: [linux]
    requiresBuild: true
    optional: true

  /@lmdb/lmdb-linux-x64@2.5.2:
    resolution: {integrity: sha512-xUdUfwDJLGjOUPH3BuPBt0NlIrR7f/QHKgu3GZIXswMMIihAekj2i97oI0iWG5Bok/b+OBjHPfa8IU9velnP/Q==}
    cpu: [x64]
    os: [linux]
    requiresBuild: true
    optional: true

  /@lmdb/lmdb-win32-x64@2.5.2:
    resolution: {integrity: sha512-zrBczSbXKxEyK2ijtbRdICDygRqWSRPpZMN5dD1T8VMEW5RIhIbwFWw2phDRXuBQdVDpSjalCIUMWMV2h3JaZA==}
    cpu: [x64]
    os: [win32]
    requiresBuild: true
    optional: true

  /@mischnic/json-sourcemap@0.1.0:
    resolution: {integrity: sha512-dQb3QnfNqmQNYA4nFSN/uLaByIic58gOXq4Y4XqLOWmOrw73KmJPt/HLyG0wvn1bnR6mBKs/Uwvkh+Hns1T0XA==}
    engines: {node: '>=12.0.0'}
    dependencies:
      '@lezer/common': 0.15.12
      '@lezer/lr': 0.15.8
      json5: 2.2.3

  /@msgpackr-extract/msgpackr-extract-darwin-arm64@3.0.0:
    resolution: {integrity: sha512-5qpnNHUyyEj9H3sm/4Um/bnx1lrQGhe8iqry/1d+cQYCRd/gzYA0YLeq0ezlk4hKx4vO+dsEsNyeowqRqslwQA==}
    cpu: [arm64]
    os: [darwin]
    requiresBuild: true
    optional: true

  /@msgpackr-extract/msgpackr-extract-darwin-x64@3.0.0:
    resolution: {integrity: sha512-ZphTFFd6SFweNAMKD+QJCrWpgkjf4qBuHltiMkKkD6FFrB3NOTRVmetAGTkJ57pa+s6J0yCH06LujWB9rZe94g==}
    cpu: [x64]
    os: [darwin]
    requiresBuild: true
    optional: true

  /@msgpackr-extract/msgpackr-extract-linux-arm64@3.0.0:
    resolution: {integrity: sha512-NEX6hdSvP4BmVyegaIbrGxvHzHvTzzsPaxXCsUt0mbLbPpEftsvNwaEVKOowXnLoeuGeD4MaqSwL3BUK2elsUA==}
    cpu: [arm64]
    os: [linux]
    requiresBuild: true
    optional: true

  /@msgpackr-extract/msgpackr-extract-linux-arm@3.0.0:
    resolution: {integrity: sha512-ztKVV1dO/sSZyGse0PBCq3Pk1PkYjsA/dsEWE7lfrGoAK3i9HpS2o7XjGQ7V4va6nX+xPPOiuYpQwa4Bi6vlww==}
    cpu: [arm]
    os: [linux]
    requiresBuild: true
    optional: true

  /@msgpackr-extract/msgpackr-extract-linux-x64@3.0.0:
    resolution: {integrity: sha512-9uvdAkZMOPCY7SPRxZLW8XGqBOVNVEhqlgffenN8shA1XR9FWVsSM13nr/oHtNgXg6iVyML7RwWPyqUeThlwxg==}
    cpu: [x64]
    os: [linux]
    requiresBuild: true
    optional: true

  /@msgpackr-extract/msgpackr-extract-win32-x64@3.0.0:
    resolution: {integrity: sha512-Wg0+9615kHKlr9iLVcG5I+/CHnf6w3x5UADRv8Ad16yA0Bu5l9eVOROjV7aHPG6uC8ZPFIVVaoSjDChD+Y0pzg==}
    cpu: [x64]
    os: [win32]
    requiresBuild: true
    optional: true

  /@parcel/cache@2.8.3(@parcel/core@2.8.3):
    resolution: {integrity: sha512-k7xv5vSQrJLdXuglo+Hv3yF4BCSs1tQ/8Vbd6CHTkOhf7LcGg6CPtLw053R/KdMpd/4GPn0QrAsOLdATm1ELtQ==}
    engines: {node: '>= 12.0.0'}
    peerDependencies:
      '@parcel/core': ^2.8.3
    dependencies:
      '@parcel/core': 2.8.3
      '@parcel/fs': 2.8.3(@parcel/core@2.8.3)
      '@parcel/logger': 2.8.3
      '@parcel/utils': 2.8.3
      lmdb: 2.5.2

  /@parcel/codeframe@2.8.3:
    resolution: {integrity: sha512-FE7sY53D6n/+2Pgg6M9iuEC6F5fvmyBkRE4d9VdnOoxhTXtkEqpqYgX7RJ12FAQwNlxKq4suBJQMgQHMF2Kjeg==}
    engines: {node: '>= 12.0.0'}
    dependencies:
      chalk: 4.1.2

  /@parcel/core@2.8.3:
    resolution: {integrity: sha512-Euf/un4ZAiClnlUXqPB9phQlKbveU+2CotZv7m7i+qkgvFn5nAGnrV4h1OzQU42j9dpgOxWi7AttUDMrvkbhCQ==}
    engines: {node: '>= 12.0.0'}
    dependencies:
      '@mischnic/json-sourcemap': 0.1.0
      '@parcel/cache': 2.8.3(@parcel/core@2.8.3)
      '@parcel/diagnostic': 2.8.3
      '@parcel/events': 2.8.3
      '@parcel/fs': 2.8.3(@parcel/core@2.8.3)
      '@parcel/graph': 2.8.3
      '@parcel/hash': 2.8.3
      '@parcel/logger': 2.8.3
      '@parcel/package-manager': 2.8.3(@parcel/core@2.8.3)
      '@parcel/plugin': 2.8.3(@parcel/core@2.8.3)
      '@parcel/source-map': 2.1.1
      '@parcel/types': 2.8.3(@parcel/core@2.8.3)
      '@parcel/utils': 2.8.3
      '@parcel/workers': 2.8.3(@parcel/core@2.8.3)
      abortcontroller-polyfill: 1.7.5
      base-x: 3.0.9
      browserslist: 4.21.5
      clone: 2.1.2
      dotenv: 7.0.0
      dotenv-expand: 5.1.0
      json5: 2.2.3
      msgpackr: 1.8.3
      nullthrows: 1.1.1
      semver: 5.7.1

  /@parcel/diagnostic@2.8.3:
    resolution: {integrity: sha512-u7wSzuMhLGWZjVNYJZq/SOViS3uFG0xwIcqXw12w54Uozd6BH8JlhVtVyAsq9kqnn7YFkw6pXHqAo5Tzh4FqsQ==}
    engines: {node: '>= 12.0.0'}
    dependencies:
      '@mischnic/json-sourcemap': 0.1.0
      nullthrows: 1.1.1

  /@parcel/events@2.8.3:
    resolution: {integrity: sha512-hoIS4tAxWp8FJk3628bsgKxEvR7bq2scCVYHSqZ4fTi/s0+VymEATrRCUqf+12e5H47uw1/ZjoqrGtBI02pz4w==}
    engines: {node: '>= 12.0.0'}

  /@parcel/fs-search@2.8.3:
    resolution: {integrity: sha512-DJBT2N8knfN7Na6PP2mett3spQLTqxFrvl0gv+TJRp61T8Ljc4VuUTb0hqBj+belaASIp3Q+e8+SgaFQu7wLiQ==}
    engines: {node: '>= 12.0.0'}
    dependencies:
      detect-libc: 1.0.3

  /@parcel/fs@2.8.3(@parcel/core@2.8.3):
    resolution: {integrity: sha512-y+i+oXbT7lP0e0pJZi/YSm1vg0LDsbycFuHZIL80pNwdEppUAtibfJZCp606B7HOjMAlNZOBo48e3hPG3d8jgQ==}
    engines: {node: '>= 12.0.0'}
    peerDependencies:
      '@parcel/core': ^2.8.3
    dependencies:
      '@parcel/core': 2.8.3
      '@parcel/fs-search': 2.8.3
      '@parcel/types': 2.8.3(@parcel/core@2.8.3)
      '@parcel/utils': 2.8.3
      '@parcel/watcher': 2.1.0
      '@parcel/workers': 2.8.3(@parcel/core@2.8.3)

  /@parcel/graph@2.8.3:
    resolution: {integrity: sha512-26GL8fYZPdsRhSXCZ0ZWliloK6DHlMJPWh6Z+3VVZ5mnDSbYg/rRKWmrkhnr99ZWmL9rJsv4G74ZwvDEXTMPBg==}
    engines: {node: '>= 12.0.0'}
    dependencies:
      nullthrows: 1.1.1

  /@parcel/hash@2.8.3:
    resolution: {integrity: sha512-FVItqzjWmnyP4ZsVgX+G00+6U2IzOvqDtdwQIWisCcVoXJFCqZJDy6oa2qDDFz96xCCCynjRjPdQx2jYBCpfYw==}
    engines: {node: '>= 12.0.0'}
    dependencies:
      detect-libc: 1.0.3
      xxhash-wasm: 0.4.2

  /@parcel/logger@2.8.3:
    resolution: {integrity: sha512-Kpxd3O/Vs7nYJIzkdmB6Bvp3l/85ydIxaZaPfGSGTYOfaffSOTkhcW9l6WemsxUrlts4za6CaEWcc4DOvaMOPA==}
    engines: {node: '>= 12.0.0'}
    dependencies:
      '@parcel/diagnostic': 2.8.3
      '@parcel/events': 2.8.3

  /@parcel/markdown-ansi@2.8.3:
    resolution: {integrity: sha512-4v+pjyoh9f5zuU/gJlNvNFGEAb6J90sOBwpKJYJhdWXLZMNFCVzSigxrYO+vCsi8G4rl6/B2c0LcwIMjGPHmFQ==}
    engines: {node: '>= 12.0.0'}
    dependencies:
      chalk: 4.1.2

  /@parcel/package-manager@2.8.3(@parcel/core@2.8.3):
    resolution: {integrity: sha512-tIpY5pD2lH53p9hpi++GsODy6V3khSTX4pLEGuMpeSYbHthnOViobqIlFLsjni+QA1pfc8NNNIQwSNdGjYflVA==}
    engines: {node: '>= 12.0.0'}
    peerDependencies:
      '@parcel/core': ^2.8.3
    dependencies:
      '@parcel/core': 2.8.3
      '@parcel/diagnostic': 2.8.3
      '@parcel/fs': 2.8.3(@parcel/core@2.8.3)
      '@parcel/logger': 2.8.3
      '@parcel/types': 2.8.3(@parcel/core@2.8.3)
      '@parcel/utils': 2.8.3
      '@parcel/workers': 2.8.3(@parcel/core@2.8.3)
      semver: 5.7.1

  /@parcel/plugin@2.8.3(@parcel/core@2.8.3):
    resolution: {integrity: sha512-jZ6mnsS4D9X9GaNnvrixDQwlUQJCohDX2hGyM0U0bY2NWU8Km97SjtoCpWjq+XBCx/gpC4g58+fk9VQeZq2vlw==}
    engines: {node: '>= 12.0.0'}
    dependencies:
      '@parcel/types': 2.8.3(@parcel/core@2.8.3)
    transitivePeerDependencies:
      - '@parcel/core'

  /@parcel/source-map@2.1.1:
    resolution: {integrity: sha512-Ejx1P/mj+kMjQb8/y5XxDUn4reGdr+WyKYloBljpppUy8gs42T+BNoEOuRYqDVdgPc6NxduzIDoJS9pOFfV5Ew==}
    engines: {node: ^12.18.3 || >=14}
    dependencies:
      detect-libc: 1.0.3

  /@parcel/types@2.8.3(@parcel/core@2.8.3):
    resolution: {integrity: sha512-FECA1FB7+0UpITKU0D6TgGBpGxYpVSMNEENZbSJxFSajNy3wrko+zwBKQmFOLOiPcEtnGikxNs+jkFWbPlUAtw==}
    dependencies:
      '@parcel/cache': 2.8.3(@parcel/core@2.8.3)
      '@parcel/diagnostic': 2.8.3
      '@parcel/fs': 2.8.3(@parcel/core@2.8.3)
      '@parcel/package-manager': 2.8.3(@parcel/core@2.8.3)
      '@parcel/source-map': 2.1.1
      '@parcel/workers': 2.8.3(@parcel/core@2.8.3)
      utility-types: 3.10.0
    transitivePeerDependencies:
      - '@parcel/core'

  /@parcel/utils@2.8.3:
    resolution: {integrity: sha512-IhVrmNiJ+LOKHcCivG5dnuLGjhPYxQ/IzbnF2DKNQXWBTsYlHkJZpmz7THoeLtLliGmSOZ3ZCsbR8/tJJKmxjA==}
    engines: {node: '>= 12.0.0'}
    dependencies:
      '@parcel/codeframe': 2.8.3
      '@parcel/diagnostic': 2.8.3
      '@parcel/hash': 2.8.3
      '@parcel/logger': 2.8.3
      '@parcel/markdown-ansi': 2.8.3
      '@parcel/source-map': 2.1.1
      chalk: 4.1.2

  /@parcel/watcher@2.1.0:
    resolution: {integrity: sha512-8s8yYjd19pDSsBpbkOHnT6Z2+UJSuLQx61pCFM0s5wSRvKCEMDjd/cHY3/GI1szHIWbpXpsJdg3V6ISGGx9xDw==}
    engines: {node: '>= 10.0.0'}
    requiresBuild: true
    dependencies:
      is-glob: 4.0.3
      micromatch: 4.0.5
      node-addon-api: 3.2.1
      node-gyp-build: 4.6.0

  /@parcel/workers@2.8.3(@parcel/core@2.8.3):
    resolution: {integrity: sha512-+AxBnKgjqVpUHBcHLWIHcjYgKIvHIpZjN33mG5LG9XXvrZiqdWvouEzqEXlVLq5VzzVbKIQQcmsvRy138YErkg==}
    engines: {node: '>= 12.0.0'}
    peerDependencies:
      '@parcel/core': ^2.8.3
    dependencies:
      '@parcel/core': 2.8.3
      '@parcel/diagnostic': 2.8.3
      '@parcel/logger': 2.8.3
      '@parcel/types': 2.8.3(@parcel/core@2.8.3)
      '@parcel/utils': 2.8.3
      chrome-trace-event: 1.0.3
      nullthrows: 1.1.1

  /@types/node@18.11.18:
    resolution: {integrity: sha512-DHQpWGjyQKSHj3ebjFI/wRKcqQcdR+MoFBygntYOZytCqNfkd2ZC4ARDJ2DQqhjH5p85Nnd3jhUJIXrszFX/JA==}
    dev: true

  /abortcontroller-polyfill@1.7.5:
    resolution: {integrity: sha512-JMJ5soJWP18htbbxJjG7bG6yuI6pRhgJ0scHHTfkUjf6wjP912xZWvM+A4sJK3gqd9E8fcPbDnOefbA9Th/FIQ==}

  /ansi-styles@4.3.0:
    resolution: {integrity: sha512-zbB9rCJAT1rbjiVDb2hqKFHNYLxgtk8NURxZ3IZwD3F6NtxbXZQCnnSi1Lkx+IDohdPlFp222wVALIheZJQSEg==}
    engines: {node: '>=8'}
    dependencies:
      color-convert: 2.0.1

  /base-x@3.0.9:
    resolution: {integrity: sha512-H7JU6iBHTal1gp56aKoaa//YUxEaAOUiydvrV/pILqIHXTtqxSkATOnDA2u+jZ/61sD+L/412+7kzXRtWukhpQ==}
    dependencies:
      safe-buffer: 5.2.1

  /braces@3.0.2:
    resolution: {integrity: sha512-b8um+L1RzM3WDSzvhm6gIz1yfTbBt6YTlcEKAvsmqCZZFw46z626lVj9j1yEPW33H5H+lBQpZMP1k8l+78Ha0A==}
    engines: {node: '>=8'}
    dependencies:
      fill-range: 7.0.1

  /browserslist@4.21.5:
    resolution: {integrity: sha512-tUkiguQGW7S3IhB7N+c2MV/HZPSCPAAiYBZXLsBhFB/PCy6ZKKsZrmBayHV9fdGV/ARIfJ14NkxKzRDjvp7L6w==}
    engines: {node: ^6 || ^7 || ^8 || ^9 || ^10 || ^11 || ^12 || >=13.7}
    hasBin: true
    dependencies:
      caniuse-lite: 1.0.30001489
      electron-to-chromium: 1.4.406
      node-releases: 2.0.12
      update-browserslist-db: 1.0.11(browserslist@4.21.5)

  /caniuse-lite@1.0.30001489:
    resolution: {integrity: sha512-x1mgZEXK8jHIfAxm+xgdpHpk50IN3z3q3zP261/WS+uvePxW8izXuCu6AHz0lkuYTlATDehiZ/tNyYBdSQsOUQ==}

  /chalk@4.1.2:
    resolution: {integrity: sha512-oKnbhFyRIXpUuez8iBMmyEa4nbj4IOQyuhc/wy9kY7/WVPcwIO9VA668Pu8RkO7+0G76SLROeyw9CpQ061i4mA==}
    engines: {node: '>=10'}
    dependencies:
      ansi-styles: 4.3.0
      supports-color: 7.2.0

  /chrome-trace-event@1.0.3:
    resolution: {integrity: sha512-p3KULyQg4S7NIHixdwbGX+nFHkoBiA4YQmyWtjb8XngSKV124nJmRysgAeujbUVb15vh+RvFUfCPqU7rXk+hZg==}
    engines: {node: '>=6.0'}

  /clone@2.1.2:
    resolution: {integrity: sha512-3Pe/CF1Nn94hyhIYpjtiLhdCoEoz0DqQ+988E9gmeEdQZlojxnOb74wctFyuwWQHzqyf9X7C7MG8juUpqBJT8w==}
    engines: {node: '>=0.8'}

  /color-convert@2.0.1:
    resolution: {integrity: sha512-RRECPsj7iu/xb5oKYcsFHSppFNnsj/52OVTRKb4zP5onXwVF3zVmmToNcOfGC+CRDpfK/U584fMg38ZHCaElKQ==}
    engines: {node: '>=7.0.0'}
    dependencies:
      color-name: 1.1.4

  /color-name@1.1.4:
    resolution: {integrity: sha512-dOy+3AuW3a2wNbZHIuMZpTcgjGuLU/uBL/ubcZF9OXbDo8ff4O8yVp5Bf0efS8uEoYo5q4Fx7dY9OgQGXgAsQA==}

  /detect-libc@1.0.3:
    resolution: {integrity: sha512-pGjwhsmsp4kL2RTz08wcOlGN83otlqHeD/Z5T8GXZB+/YcpQ/dgo+lbU8ZsGxV0HIvqqxo9l7mqYwyYMD9bKDg==}
    engines: {node: '>=0.10'}
    hasBin: true

  /dotenv-expand@5.1.0:
    resolution: {integrity: sha512-YXQl1DSa4/PQyRfgrv6aoNjhasp/p4qs9FjJ4q4cQk+8m4r6k4ZSiEyytKG8f8W9gi8WsQtIObNmKd+tMzNTmA==}

  /dotenv@7.0.0:
    resolution: {integrity: sha512-M3NhsLbV1i6HuGzBUH8vXrtxOk+tWmzWKDMbAVSUp3Zsjm7ywFeuwrUXhmhQyRK1q5B5GGy7hcXPbj3bnfZg2g==}
    engines: {node: '>=6'}

  /electron-to-chromium@1.4.406:
    resolution: {integrity: sha512-NXlDDH8Z4tK5ZX7w9dW/lRUsZ0TwL1rg3Sw1e5HKbk3+LCAh3SyUjYyGoxOf9xNxyg+DtaofkFpHS4T5Z2Q26w==}

  /escalade@3.1.1:
    resolution: {integrity: sha512-k0er2gUkLf8O0zKJiAhmkTnJlTvINGv7ygDNPbeIsX/TJjGJZHuh9B2UxbsaEkmlEo9MfhrSzmhIlhRlI2GXnw==}
    engines: {node: '>=6'}

  /fill-range@7.0.1:
    resolution: {integrity: sha512-qOo9F+dMUmC2Lcb4BbVvnKJxTPjCm+RRpe4gDuGrzkL7mEVl/djYSu2OdQ2Pa302N4oqkSg9ir6jaLWJ2USVpQ==}
    engines: {node: '>=8'}
    dependencies:
      to-regex-range: 5.0.1

  /has-flag@4.0.0:
    resolution: {integrity: sha512-EykJT/Q1KjTWctppgIAgfSO0tKVuZUjhgMr17kqTumMl6Afv3EISleU7qZUzoXDFTAHTDC4NOoG/ZxU3EvlMPQ==}
    engines: {node: '>=8'}

  /is-extglob@2.1.1:
    resolution: {integrity: sha512-SbKbANkN603Vi4jEZv49LeVJMn4yGwsbzZworEoyEiutsN3nJYdbO36zfhGJ6QEDpOZIFkDtnq5JRxmvl3jsoQ==}
    engines: {node: '>=0.10.0'}

  /is-glob@4.0.3:
    resolution: {integrity: sha512-xelSayHH36ZgE7ZWhli7pW34hNbNl8Ojv5KVmkJD4hBdD3th8Tfk9vYasLM+mXWOZhFkgZfxhLSnrwRr4elSSg==}
    engines: {node: '>=0.10.0'}
    dependencies:
      is-extglob: 2.1.1

  /is-number@7.0.0:
    resolution: {integrity: sha512-41Cifkg6e8TylSpdtTpeLVMqvSBEVzTttHvERD741+pnZ8ANv0004MRL43QKPDlK9cGvNp6NZWZUBlbGXYxxng==}
    engines: {node: '>=0.12.0'}

  /json5@2.2.3:
    resolution: {integrity: sha512-XmOWe7eyHYH14cLdVPoyg+GOH3rYX++KpzrylJwSW98t3Nk+U8XOl8FWKOgwtzdb8lXGf6zYwDUzeHMWfxasyg==}
    engines: {node: '>=6'}
    hasBin: true

  /lmdb@2.5.2:
    resolution: {integrity: sha512-V5V5Xa2Hp9i2XsbDALkBTeHXnBXh/lEmk9p22zdr7jtuOIY9TGhjK6vAvTpOOx9IKU4hJkRWZxn/HsvR1ELLtA==}
    requiresBuild: true
    dependencies:
      msgpackr: 1.8.3
      node-addon-api: 4.3.0
      node-gyp-build-optional-packages: 5.0.3
      ordered-binary: 1.4.0
      weak-lru-cache: 1.2.2
    optionalDependencies:
      '@lmdb/lmdb-darwin-arm64': 2.5.2
      '@lmdb/lmdb-darwin-x64': 2.5.2
      '@lmdb/lmdb-linux-arm': 2.5.2
      '@lmdb/lmdb-linux-arm64': 2.5.2
      '@lmdb/lmdb-linux-x64': 2.5.2
      '@lmdb/lmdb-win32-x64': 2.5.2

  /micromatch@4.0.5:
    resolution: {integrity: sha512-DMy+ERcEW2q8Z2Po+WNXuw3c5YaUSFjAO5GsJqfEl7UjvtIuFKO6ZrKvcItdy98dwFI2N1tg3zNIdKaQT+aNdA==}
    engines: {node: '>=8.6'}
    dependencies:
      braces: 3.0.2
      picomatch: 2.3.1

  /msgpackr-extract@3.0.0:
    resolution: {integrity: sha512-oy6KCk1+X4Bn5m6Ycq5N1EWl9npqG/cLrE8ga8NX7ZqfqYUUBS08beCQaGq80fjbKBySur0E6x//yZjzNJDt3A==}
    hasBin: true
    requiresBuild: true
    dependencies:
      node-gyp-build-optional-packages: 5.0.7
    optionalDependencies:
      '@msgpackr-extract/msgpackr-extract-darwin-arm64': 3.0.0
      '@msgpackr-extract/msgpackr-extract-darwin-x64': 3.0.0
      '@msgpackr-extract/msgpackr-extract-linux-arm': 3.0.0
      '@msgpackr-extract/msgpackr-extract-linux-arm64': 3.0.0
      '@msgpackr-extract/msgpackr-extract-linux-x64': 3.0.0
      '@msgpackr-extract/msgpackr-extract-win32-x64': 3.0.0
    optional: true

  /msgpackr@1.8.3:
    resolution: {integrity: sha512-m2JefwcKNzoHYXkH/5jzHRxAw7XLWsAdvu0FOJ+OLwwozwOV/J6UA62iLkfIMbg7G8+dIuRwgg6oz+QoQ4YkoA==}
    optionalDependencies:
      msgpackr-extract: 3.0.0

  /node-addon-api@3.2.1:
    resolution: {integrity: sha512-mmcei9JghVNDYydghQmeDX8KoAm0FAiYyIcUt/N4nhyAipB17pllZQDOJD2fotxABnt4Mdz+dKTO7eftLg4d0A==}

  /node-addon-api@4.3.0:
    resolution: {integrity: sha512-73sE9+3UaLYYFmDsFZnqCInzPyh3MqIwZO9cw58yIqAZhONrrabrYyYe3TuIqtIiOuTXVhsGau8hcrhhwSsDIQ==}

  /node-gyp-build-optional-packages@5.0.3:
    resolution: {integrity: sha512-k75jcVzk5wnnc/FMxsf4udAoTEUv2jY3ycfdSd3yWu6Cnd1oee6/CfZJApyscA4FJOmdoixWwiwOyf16RzD5JA==}
    hasBin: true

  /node-gyp-build-optional-packages@5.0.7:
    resolution: {integrity: sha512-YlCCc6Wffkx0kHkmam79GKvDQ6x+QZkMjFGrIMxgFNILFvGSbCp2fCBC55pGTT9gVaz8Na5CLmxt/urtzRv36w==}
    hasBin: true
    optional: true

  /node-gyp-build@4.6.0:
    resolution: {integrity: sha512-NTZVKn9IylLwUzaKjkas1e4u2DLNcV4rdYagA4PWdPwW87Bi7z+BznyKSRwS/761tV/lzCGXplWsiaMjLqP2zQ==}
    hasBin: true

  /node-releases@2.0.12:
    resolution: {integrity: sha512-QzsYKWhXTWx8h1kIvqfnC++o0pEmpRQA/aenALsL2F4pqNVr7YzcdMlDij5WBnwftRbJCNJL/O7zdKaxKPHqgQ==}

  /nullthrows@1.1.1:
    resolution: {integrity: sha512-2vPPEi+Z7WqML2jZYddDIfy5Dqb0r2fze2zTxNNknZaFpVHU3mFB3R+DWeJWGVx0ecvttSGlJTI+WG+8Z4cDWw==}

  /ordered-binary@1.4.0:
    resolution: {integrity: sha512-EHQ/jk4/a9hLupIKxTfUsQRej1Yd/0QLQs3vGvIqg5ZtCYSzNhkzHoZc7Zf4e4kUlDaC3Uw8Q/1opOLNN2OKRQ==}

  /picocolors@1.0.0:
    resolution: {integrity: sha512-1fygroTLlHu66zi26VoTDv8yRgm0Fccecssto+MhsZ0D/DGW2sm8E8AjW7NU5VVTRt5GxbeZ5qBuJr+HyLYkjQ==}

  /picomatch@2.3.1:
    resolution: {integrity: sha512-JU3teHTNjmE2VCGFzuY8EXzCDVwEqB2a8fsIvwaStHhAWJEeVd1o1QD80CU6+ZdEXXSLbSsuLwJjkCBWqRQUVA==}
    engines: {node: '>=8.6'}

  /rimraf@4.1.2:
    resolution: {integrity: sha512-BlIbgFryTbw3Dz6hyoWFhKk+unCcHMSkZGrTFVAx2WmttdBSonsdtRlwiuTbDqTKr+UlXIUqJVS4QT5tUzGENQ==}
    engines: {node: '>=14'}
    hasBin: true
    dev: true

  /safe-buffer@5.2.1:
    resolution: {integrity: sha512-rp3So07KcdmmKbGvgaNxQSJr7bGVSVk5S9Eq1F+ppbRo70+YeaDxkw5Dd8NPN+GD6bjnYm2VuPuCXmpuYvmCXQ==}

  /semver@5.7.1:
    resolution: {integrity: sha512-sauaDf/PZdVgrLTNYHRtpXa1iRiKcaebiKQ1BJdpQlWH2lCvexQdX55snPFyK7QzpudqbCI0qXFfOasHdyNDGQ==}
    hasBin: true

  /supports-color@7.2.0:
    resolution: {integrity: sha512-qpCAvRl9stuOHveKsn7HncJRvv501qIacKzQlO/+Lwxc9+0q2wLyv4Dfvt80/DPn2pqOBsJdDiogXGR9+OvwRw==}
    engines: {node: '>=8'}
    dependencies:
      has-flag: 4.0.0

  /to-regex-range@5.0.1:
    resolution: {integrity: sha512-65P7iz6X5yEr1cwcgvQxbbIw7Uk3gOy5dIdtZ4rDveLqhrdJP+Li/Hx6tyK0NEb+2GCyneCMJiGqrADCSNk8sQ==}
    engines: {node: '>=8.0'}
    dependencies:
      is-number: 7.0.0

  /typescript@4.9.5:
    resolution: {integrity: sha512-1FXk9E2Hm+QzZQ7z+McJiHL4NW1F2EzMu9Nq9i3zAaGqibafqYwCVU6WyWAuyQRRzOlxou8xZSyXLEN8oKj24g==}
    engines: {node: '>=4.2.0'}
    hasBin: true
    dev: true

  /update-browserslist-db@1.0.11(browserslist@4.21.5):
    resolution: {integrity: sha512-dCwEFf0/oT85M1fHBg4F0jtLwJrutGoHSQXCh7u4o2t1drG+c0a9Flnqww6XUKSfQMPpJBRjU8d4RXB09qtvaA==}
    hasBin: true
    peerDependencies:
      browserslist: '>= 4.21.0'
    dependencies:
      browserslist: 4.21.5
      escalade: 3.1.1
      picocolors: 1.0.0

  /utility-types@3.10.0:
    resolution: {integrity: sha512-O11mqxmi7wMKCo6HKFt5AhO4BwY3VV68YU07tgxfz8zJTIxr4BpsezN49Ffwy9j3ZpwwJp4fkRwjRzq3uWE6Rg==}
    engines: {node: '>= 4'}

  /weak-lru-cache@1.2.2:
    resolution: {integrity: sha512-DEAoo25RfSYMuTGc9vPJzZcZullwIqRDSI9LOy+fkCJPi6hykCnfKaXTuPBDuXAUcqHXyOgFtHNp/kB2FjYHbw==}

  /xxhash-wasm@0.4.2:
    resolution: {integrity: sha512-/eyHVRJQCirEkSZ1agRSCwriMhwlyUcFkXD5TPVSLP+IPzjsqMVzZwdoczLp1SoQU0R3dxz1RpIK+4YNQbCVOA==}
